
Microsoft Visual Studio Solution File, Format Version 12.00
# Visual Studio 15
VisualStudioVersion = 15.0.28010.2036
MinimumVisualStudioVersion = 10.0.40219.1
Project("{E24C65DC-7377-472B-9ABA-BC803B73C61A}") = "OnlineLibraryManagementSystem", "OnlineLibraryManagementSystem\", "{1F625989-B2C9-40DE-B233-C24CD0B87D14}"
	ProjectSection(WebsiteProperties) = preProject
		TargetFrameworkMoniker = ".NETFramework,Version%3Dv4.6.1"
		Debug.AspNetCompiler.VirtualPath = "/localhost_52800"
		Debug.AspNetCompiler.PhysicalPath = "OnlineLibraryManagementSystem\"
		Debug.AspNetCompiler.TargetPath = "PrecompiledWeb\localhost_52800\"
		Debug.AspNetCompiler.Updateable = "true"
		Debug.AspNetCompiler.ForceOverwrite = "true"
		Debug.AspNetCompiler.FixedNames = "false"
		Debug.AspNetCompiler.Debug = "True"
		Release.AspNetCompiler.VirtualPath = "/localhost_52800"
		Release.AspNetCompiler.PhysicalPath = "OnlineLibraryManagementSystem\"
		Release.AspNetCompiler.TargetPath = "PrecompiledWeb\localhost_52800\"
		Release.AspNetCompiler.Updateable = "true"
		Release.AspNetCompiler.ForceOverwrite = "true"
		Release.AspNetCompiler.FixedNames = "false"
		Release.AspNetCompiler.Debug = "False"
		VWDPort = "52800"
		SlnRelativePath = "OnlineLibraryManagementSystem\"
		DefaultWebSiteLanguage = "Visual C#"
	EndProjectSection
EndProject
Global
	GlobalSection(SolutionConfigurationPlatforms) = preSolution
		Debug|Any CPU = Debug|Any CPU
	EndGlobalSection
	GlobalSection(ProjectConfigurationPlatforms) = postSolution
		{1F625989-B2C9-40DE-B233-C24CD0B87D14}.Debug|Any CPU.ActiveCfg = Debug|Any CPU
		{1F625989-B2C9-40DE-B233-C24CD0B87D14}.Debug|Any CPU.Build.0 = Debug|Any CPU
	EndGlobalSection
	GlobalSection(SolutionProperties) = preSolution
		HideSolutionNode = FALSE
	EndGlobalSection
	GlobalSection(ExtensibilityGlobals) = postSolution
		SolutionGuid = {91DD70D1-591E-4F00-85E6-BB08B33E1753}
	EndGlobalSection
EndGlobal
